{
  "name": "frontend",
  "lockfileVersion": 3,
  "requires": true,
  "packages": {
    "": {
      "dependencies": {
        "ng-recaptcha": "^13.2.1"
      }
    },
    "node_modules/@angular/core": {
      "version": "17.3.12",
      "resolved": "https://registry.npmjs.org/@angular/core/-/core-17.3.12.tgz",
      "integrity": "sha512-MuFt5yKi161JmauUta4Dh0m8ofwoq6Ino+KoOtkYMBGsSx+A7dSm+DUxxNwdj7+DNyg3LjVGCFgBFnq4g8z06A==",
      "peer": true,
      "dependencies": {
        "tslib": "^2.3.0"
      },
      "engines": {
        "node": "^18.13.0 || >=20.9.0"
      },
      "peerDependencies": {
        "rxjs": "^6.5.3 || ^7.4.0",
        "zone.js": "~0.14.0"
      }
    },
    "node_modules/@types/grecaptcha": {
      "version": "3.0.9",
      "resolved": "https://registry.npmjs.org/@types/grecaptcha/-/grecaptcha-3.0.9.tgz",
      "integrity": "sha512-fFxMtjAvXXMYTzDFK5NpcVB7WHnrHVLl00QzEGpuFxSAC789io6M+vjcn+g5FTEamIJtJr/IHkCDsqvJxeWDyw=="
    },
    "node_modules/ng-recaptcha": {
      "version": "13.2.1",
      "resolved": "https://registry.npmjs.org/ng-recaptcha/-/ng-recaptcha-13.2.1.tgz",
      "integrity": "sha512-aBOoFla9t6AfT9t5paykoXomCDKreBKouB16VUFxSZwn1RCfDsdcaTmSNJKYLFz5j0Cq/V+szY9f3mHLgzRw5Q==",
      "dependencies": {
        "@types/grecaptcha": "^3.0.7",
        "tslib": "^2.2.0"
      },
      "peerDependencies": {
        "@angular/core": "^17.0.0"
      }
    },
    "node_modules/rxjs": {
      "version": "7.8.1",
      "resolved": "https://registry.npmjs.org/rxjs/-/rxjs-7.8.1.tgz",
      "integrity": "sha512-AA3TVj+0A2iuIoQkWEK/tqFjBq2j+6PO6Y0zJcvzLAFhEFIO3HL0vls9hWLncZbAAbK0mar7oZ4V079I/qPMxg==",
      "peer": true,
      "dependencies": {
        "tslib": "^2.1.0"
      }
    },
    "node_modules/tslib": {
      "version": "2.6.3",
      "resolved": "https://registry.npmjs.org/tslib/-/tslib-2.6.3.tgz",
      "integrity": "sha512-xNvxJEOUiWPGhUuUdQgAJPKOOJfGnIyKySOc09XkKsgdUV/3E2zvwZYdejjmRgPCgcym1juLH3226yA7sEFJKQ=="
    },
    "node_modules/zone.js": {
      "version": "0.14.8",
      "resolved": "https://registry.npmjs.org/zone.js/-/zone.js-0.14.8.tgz",
      "integrity": "sha512-48uh7MnVp4/OQDuCHeFdXw5d8xwPqFTvlHgPJ1LBFb5GaustLSZV+YUH0to5ygNyGpqTsjpbpt141U/j3pCfqQ==",
      "peer": true
    }
  }
}
